// !$*UTF8*$!
{
	archiveVersion = 1;
	classes = {
	};
	objectVersion = 46;
	objects = {

/* Begin PBXBuildFile section */
		03E8E9E31A15E71C00D0EFA4 /* AppDelegate.swift in Sources */ = {isa = PBXBuildFile; fileRef = 03E8E9E21A15E71C00D0EFA4 /* AppDelegate.swift */; };
		03E8E9E51A15E71C00D0EFA4 /* ViewController.swift in Sources */ = {isa = PBXBuildFile; fileRef = 03E8E9E41A15E71C00D0EFA4 /* ViewController.swift */; };
		03E8E9E81A15E71C00D0EFA4 /* Main.storyboard in Resources */ = {isa = PBXBuildFile; fileRef = 03E8E9E61A15E71C00D0EFA4 /* Main.storyboard */; };
		03E8E9EA1A15E71C00D0EFA4 /* Images.xcassets in Resources */ = {isa = PBXBuildFile; fileRef = 03E8E9E91A15E71C00D0EFA4 /* Images.xcassets */; };
		03E8E9F61A15E71C00D0EFA4 /* rollenTests.swift in Sources */ = {isa = PBXBuildFile; fileRef = 03E8E9F51A15E71C00D0EFA4 /* rollenTests.swift */; };
/* End PBXBuildFile section */

/* Begin PBXContainerItemProxy section */
		03E8E9F01A15E71C00D0EFA4 /* PBXContainerItemProxy */ = {
			isa = PBXContainerItemProxy;
			containerPortal = 03E8E9D51A15E71B00D0EFA4 /* Project object */;
			proxyType = 1;
			remoteGlobalIDString = 03E8E9DC1A15E71C00D0EFA4;
			remoteInfo = rollen;
		};
/* End PBXContainerItemProxy section */

/* Begin PBXFileReference section */
		03E8E9DD1A15E71C00D0EFA4 /* Rollen.app */ = {isa = PBXFileReference; explicitFileType = wrapper.application; includeInIndex = 0; path = Rollen.app; sourceTree = BUILT_PRODUCTS_DIR; };
		03E8E9E11A15E71C00D0EFA4 /* Info.plist */ = {isa = PBXFileReference; lastKnownFileType = text.plist.xml; path = Info.plist; sourceTree = "<group>"; };
		03E8E9E21A15E71C00D0EFA4 /* AppDelegate.swift */ = {isa = PBXFileReference; lastKnownFileType = sourcecode.swift; path = AppDelegate.swift; sourceTree = "<group>"; };
		03E8E9E41A15E71C00D0EFA4 /* ViewController.swift */ = {isa = PBXFileReference; lastKnownFileType = sourcecode.swift; path = ViewController.swift; sourceTree = "<group>"; };
		03E8E9E71A15E71C00D0EFA4 /* Base */ = {isa = PBXFileReference; lastKnownFileType = file.storyboard; name = Base; path = Base.lproj/Main.storyboard; sourceTree = "<group>"; };
		03E8E9E91A15E71C00D0EFA4 /* Images.xcassets */ = {isa = PBXFileReference; lastKnownFileType = folder.assetcatalog; path = Images.xcassets; sourceTree = "<group>"; };
		03E8E9EF1A15E71C00D0EFA4 /* rollenTests.xctest */ = {isa = PBXFileReference; explicitFileType = wrapper.cfbundle; includeInIndex = 0; path = rollenTests.xctest; sourceTree = BUILT_PRODUCTS_DIR; };
		03E8E9F41A15E71C00D0EFA4 /* Info.plist */ = {isa = PBXFileReference; lastKnownFileType = text.plist.xml; path = Info.plist; sourceTree = "<group>"; };
		03E8E9F51A15E71C00D0EFA4 /* rollenTests.swift */ = {isa = PBXFileReference; lastKnownFileType = sourcecode.swift; path = rollenTests.swift; sourceTree = "<group>"; };
/* End PBXFileReference section */

/* Begin PBXFrameworksBuildPhase section */
		03E8E9DA1A15E71C00D0EFA4 /* Frameworks */ = {
			isa = PBXFrameworksBuildPhase;
			buildActionMask = 2147483647;
			files = (
			);
			runOnlyForDeploymentPostprocessing = 0;
		};
		03E8E9EC1A15E71C00D0EFA4 /* Frameworks */ = {
			isa = PBXFrameworksBuildPhase;
			buildActionMask = 2147483647;
			files = (
			);
			runOnlyForDeploymentPostprocessing = 0;
		};
/* End PBXFrameworksBuildPhase section */

/* Begin PBXGroup section */
		03E8E9D41A15E71B00D0EFA4 = {
			isa = PBXGroup;
			children = (
				03E8E9DF1A15E71C00D0EFA4 /* rollen */,
				03E8E9F21A15E71C00D0EFA4 /* rollenTests */,
				03E8E9DE1A15E71C00D0EFA4 /* Products */,
			);
			sourceTree = "<group>";
		};
		03E8E9DE1A15E71C00D0EFA4 /* Products */ = {
			isa = PBXGroup;
			children = (
				03E8E9DD1A15E71C00D0EFA4 /* Rollen.app */,
				03E8E9EF1A15E71C00D0EFA4 /* rollenTests.xctest */,
			);
			name = Products;
			sourceTree = "<group>";
		};
		03E8E9DF1A15E71C00D0EFA4 /* rollen */ = {
			isa = PBXGroup;
			children = (
				03E8E9E21A15E71C00D0EFA4 /* AppDelegate.swift */,
				03E8E9E41A15E71C00D0EFA4 /* ViewController.swift */,
				03E8E9E61A15E71C00D0EFA4 /* Main.storyboard */,
				03E8E9E91A15E71C00D0EFA4 /* Images.xcassets */,
				03E8E9E01A15E71C00D0EFA4 /* Supporting Files */,
			);
			path = rollen;
			sourceTree = "<group>";
		};
		03E8E9E01A15E71C00D0EFA4 /* Supporting Files */ = {
			isa = PBXGroup;
			children = (
				03E8E9E11A15E71C00D0EFA4 /* Info.plist */,
			);
			name = "Supporting Files";
			sourceTree = "<group>";
		};
		03E8E9F21A15E71C00D0EFA4 /* rollenTests */ = {
			isa = PBXGroup;
			children = (
				03E8E9F51A15E71C00D0EFA4 /* rollenTests.swift */,
				03E8E9F31A15E71C00D0EFA4 /* Supporting Files */,
			);
			path = rollenTests;
			sourceTree = "<group>";
		};
		03E8E9F31A15E71C00D0EFA4 /* Supporting Files */ = {
			isa = PBXGroup;
			children = (
				03E8E9F41A15E71C00D0EFA4 /* Info.plist */,
			);
			name = "Supporting Files";
			sourceTree = "<group>";
		};
/* End PBXGroup section */

/* Begin PBXNativeTarget section */
		03E8E9DC1A15E71C00D0EFA4 /* rollen */ = {
			isa = PBXNativeTarget;
			buildConfigurationList = 03E8E9F91A15E71C00D0EFA4 /* Build configuration list for PBXNativeTarget "rollen" */;
			buildPhases = (
				03E8E9D91A15E71C00D0EFA4 /* Sources */,
				03E8E9DA1A15E71C00D0EFA4 /* Frameworks */,
				03E8E9DB1A15E71C00D0EFA4 /* Resources */,
			);
			buildRules = (
			);
			dependencies = (
			);
			name = rollen;
			productName = rollen;
			productReference = 03E8E9DD1A15E71C00D0EFA4 /* Rollen.app */;
			productType = "com.apple.product-type.application";
		};
		03E8E9EE1A15E71C00D0EFA4 /* rollenTests */ = {
			isa = PBXNativeTarget;
			buildConfigurationList = 03E8E9FC1A15E71C00D0EFA4 /* Build configuration list for PBXNativeTarget "rollenTests" */;
			buildPhases = (
				03E8E9EB1A15E71C00D0EFA4 /* Sources */,
				03E8E9EC1A15E71C00D0EFA4 /* Frameworks */,
				03E8E9ED1A15E71C00D0EFA4 /* Resources */,
			);
			buildRules = (
			);
			dependencies = (
				03E8E9F11A15E71C00D0EFA4 /* PBXTargetDependency */,
			);
			name = rollenTests;
			productName = rollenTests;
			productReference = 03E8E9EF1A15E71C00D0EFA4 /* rollenTests.xctest */;
			productType = "com.apple.product-type.bundle.unit-test";
		};
/* End PBXNativeTarget section */

/* Begin PBXProject section */
		03E8E9D51A15E71B00D0EFA4 /* Project object */ = {
			isa = PBXProject;
			attributes = {
				LastUpgradeCheck = 0600;
				ORGANIZATIONNAME = "Grant Timmerman";
				TargetAttributes = {
					03E8E9DC1A15E71C00D0EFA4 = {
						CreatedOnToolsVersion = 6.0;
					};
					03E8E9EE1A15E71C00D0EFA4 = {
						CreatedOnToolsVersion = 6.0;
						TestTargetID = 03E8E9DC1A15E71C00D0EFA4;
					};
				};
			};
			buildConfigurationList = 03E8E9D81A15E71B00D0EFA4 /* Build configuration list for PBXProject "rollen" */;
			compatibilityVersion = "Xcode 3.2";
			developmentRegion = English;
			hasScannedForEncodings = 0;
			knownRegions = (
				en,
				Base,
			);
			mainGroup = 03E8E9D41A15E71B00D0EFA4;
			productRefGroup = 03E8E9DE1A15E71C00D0EFA4 /* Products */;
			projectDirPath = "";
			projectRoot = "";
			targets = (
				03E8E9DC1A15E71C00D0EFA4 /* rollen */,
				03E8E9EE1A15E71C00D0EFA4 /* rollenTests */,
			);
		};
/* End PBXProject section */

/* Begin PBXResourcesBuildPhase section */
		03E8E9DB1A15E71C00D0EFA4 /* Resources */ = {
			isa = PBXResourcesBuildPhase;
			buildActionMask = 2147483647;
			files = (
				03E8E9E81A15E71C00D0EFA4 /* Main.storyboard in Resources */,
				03E8E9EA1A15E71C00D0EFA4 /* Images.xcassets in Resources */,
			);
			runOnlyForDeploymentPostprocessing = 0;
		};
		03E8E9ED1A15E71C00D0EFA4 /* Resources */ = {
			isa = PBXResourcesBuildPhase;
			buildActionMask = 2147483647;
			files = (
			);
			runOnlyForDeploymentPostprocessing = 0;
		};
/* End PBXResourcesBuildPhase section */

/* Begin PBXSourcesBuildPhase section */
		03E8E9D91A15E71C00D0EFA4 /* Sources */ = {
			isa = PBXSourcesBuildPhase;
			buildActionMask = 2147483647;
			files = (
				03E8E9E51A15E71C00D0EFA4 /* ViewController.swift in Sources */,
				03E8E9E31A15E71C00D0EFA4 /* AppDelegate.swift in Sources */,
			);
			runOnlyForDeploymentPostprocessing = 0;
		};
		03E8E9EB1A15E71C00D0EFA4 /* Sources */ = {
			isa = PBXSourcesBuildPhase;
			buildActionMask = 2147483647;
			files = (
				03E8E9F61A15E71C00D0EFA4 /* rollenTests.swift in Sources */,
			);
			runOnlyForDeploymentPostprocessing = 0;
		};
/* End PBXSourcesBuildPhase section */

/* Begin PBXTargetDependency section */
		03E8E9F11A15E71C00D0EFA4 /* PBXTargetDependency */ = {
			isa = PBXTargetDependency;
			target = 03E8E9DC1A15E71C00D0EFA4 /* rollen */;
			targetProxy = 03E8E9F01A15E71C00D0EFA4 /* PBXContainerItemProxy */;
		};
/* End PBXTargetDependency section */

/* Begin PBXVariantGroup section */
		03E8E9E61A15E71C00D0EFA4 /* Main.storyboard */ = {
			isa = PBXVariantGroup;
			children = (
				03E8E9E71A15E71C00D0EFA4 /* Base */,
			);
			name = Main.storyboard;
			sourceTree = "<group>";
		};
/* End PBXVariantGroup section */

/* Begin XCBuildConfiguration section */
		03E8E9F71A15E71C00D0EFA4 /* Debug */ = {
			isa = XCBuildConfiguration;
			buildSettings = {
				ALWAYS_SEARCH_USER_PATHS = NO;
				CLANG_CXX_LANGUAGE_STANDARD = "gnu++0x";
				CLANG_CXX_LIBRARY = "libc++";
				CLANG_ENABLE_MODULES = YES;
				CLANG_ENABLE_OBJC_ARC = YES;
				CLANG_WARN_BOOL_CONVERSION = YES;
				CLANG_WARN_CONSTANT_CONVERSION = YES;
				CLANG_WARN_DIRECT_OBJC_ISA_USAGE = YES_ERROR;
				CLANG_WARN_EMPTY_BODY = YES;
				CLANG_WARN_ENUM_CONVERSION = YES;
				CLANG_WARN_INT_CONVERSION = YES;
				CLANG_WARN_OBJC_ROOT_CLASS = YES_ERROR;
				CLANG_WARN_UNREACHABLE_CODE = YES;
				CLANG_WARN__DUPLICATE_METHOD_MATCH = YES;
				"CODE_SIGN_IDENTITY[sdk=iphoneos*]" = "iPhone Developer";
				COPY_PHASE_STRIP = NO;
				ENABLE_STRICT_OBJC_MSGSEND = YES;
				GCC_C_LANGUAGE_STANDARD = gnu99;
				GCC_DYNAMIC_NO_PIC = NO;
				GCC_OPTIMIZATION_LEVEL = 0;
				GCC_PREPROCESSOR_DEFINITIONS = (
					"DEBUG=1",
					"$(inherited)",
				);
				GCC_SYMBOLS_PRIVATE_EXTERN = NO;
				GCC_WARN_64_TO_32_BIT_CONVERSION = YES;
				GCC_WARN_ABOUT_RETURN_TYPE = YES_ERROR;
				GCC_WARN_UNDECLARED_SELECTOR = YES;
				GCC_WARN_UNINITIALIZED_AUTOS = YES_AGGRESSIVE;
				GCC_WARN_UNUSED_FUNCTION = YES;
				GCC_WARN_UNUSED_VARIABLE = YES;
				IPHONEOS_DEPLOYMENT_TARGET = 8.0;
				MTL_ENABLE_DEBUG_INFO = YES;
				ONLY_ACTIVE_ARCH = YES;
				SDKROOT = iphoneos;
				SWIFT_OPTIMIZATION_LEVEL = "-Onone";
			};
			name = Debug;
		};
		03E8E9F81A15E71C00D0EFA4 /* Release */ = {
			isa = XCBuildConfiguration;
			buildSettings = {
				ALWAYS_SEARCH_USER_PATHS = NO;
				CLANG_CXX_LANGUAGE_STANDARD = "gnu++0x";
				CLANG_CXX_LIBRARY = "libc++";
				CLANG_ENABLE_MODULES = YES;
				CLANG_ENABLE_OBJC_ARC = YES;
				CLANG_WARN_BOOL_CONVERSION = YES;
				CLANG_WARN_CONSTANT_CONVERSION = YES;
				CLANG_WARN_DIRECT_OBJC_ISA_USAGE = YES_ERROR;
				CLANG_WARN_EMPTY_BODY = YES;
				CLANG_WARN_ENUM_CONVERSION = YES;
				CLANG_WARN_INT_CONVERSION = YES;
				CLANG_WARN_OBJC_ROOT_CLASS = YES_ERROR;
				CLANG_WARN_UNREACHABLE_CODE = YES;
				CLANG_WARN__DUPLICATE_METHOD_MATCH = YES;
				"CODE_SIGN_IDENTITY[sdk=iphoneos*]" = "iPhone Developer";
				COPY_PHASE_STRIP = YES;
				ENABLE_NS_ASSERTIONS = NO;
				ENABLE_STRICT_OBJC_MSGSEND = YES;
				GCC_C_LANGUAGE_STANDARD = gnu99;
				GCC_WARN_64_TO_32_BIT_CONVERSION = YES;
				GCC_WARN_ABOUT_RETURN_TYPE = YES_ERROR;
				GCC_WARN_UNDECLARED_SELECTOR = YES;
				GCC_WARN_UNINITIALIZED_AUTOS = YES_AGGRESSIVE;
				GCC_WARN_UNUSED_FUNCTION = YES;
				GCC_WARN_UNUSED_VARIABLE = YES;
				IPHONEOS_DEPLOYMENT_TARGET = 8.0;
				MTL_ENABLE_DEBUG_INFO = NO;
				SDKROOT = iphoneos;
				VALIDATE_PRODUCT = YES;
			};
			name = Release;
		};
		03E8E9FA1A15E71C00D0EFA4 /* Debug */ = {
			isa = XCBuildConfiguration;
			buildSettings = {
				ASSETCATALOG_COMPILER_APPICON_NAME = AppIcon;
				ASSETCATALOG_COMPILER_LAUNCHIMAGE_NAME = LaunchImage;
				INFOPLIST_FILE = rollen/Info.plist;
				LD_RUNPATH_SEARCH_PATHS = "$(inherited) @executable_path/Frameworks";
				PRODUCT_NAME = Rollen;
			};
			name = Debug;
		};
		03E8E9FB1A15E71C00D0EFA4 /* Release */ = {
			isa = XCBuildConfiguration;
			buildSettings = {
				ASSETCATALOG_COMPILER_APPICON_NAME = AppIcon;
				ASSETCATALOG_COMPILER_LAUNCHIMAGE_NAME = LaunchImage;
				INFOPLIST_FILE = rollen/Info.plist;
				LD_RUNPATH_SEARCH_PATHS = "$(inherited) @executable_path/Frameworks";
				PRODUCT_NAME = Rollen;
			};
			name = Release;
		};
		03E8E9FD1A15E71C00D0EFA4 /* Debug */ = {
			isa = XCBuildConfiguration;
			buildSettings = {
				BUNDLE_LOADER = "$(TEST_HOST)";
				FRAMEWORK_SEARCH_PATHS = (
					"$(SDKROOT)/Developer/Library/Frameworks",
					"$(inherited)",
				);
				GCC_PREPROCESSOR_DEFINITIONS = (
					"DEBUG=1",
					"$(inherited)",
				);
				INFOPLIST_FILE = rollenTests/Info.plist;
				LD_RUNPATH_SEARCH_PATHS = "$(inherited) @executable_path/Frameworks @loader_path/Frameworks";
				PRODUCT_NAME = "$(TARGET_NAME)";
				TEST_HOST = "$(BUILT_PRODUCTS_DIR)/rollen.app/rollen";
			};
			name = Debug;
		};
		03E8E9FE1A15E71C00D0EFA4 /* Release */ = {
			isa = XCBuildConfiguration;
			buildSettings = {
				BUNDLE_LOADER = "$(TEST_HOST)";
				FRAMEWORK_SEARCH_PATHS = (
					"$(SDKROOT)/Developer/Library/Frameworks",
					"$(inherited)",
				);
				INFOPLIST_FILE = rollenTests/Info.plist;
				LD_RUNPATH_SEARCH_PATHS = "$(inherited) @executable_path/Frameworks @loader_path/Frameworks";
				PRODUCT_NAME = "$(TARGET_NAME)";
				TEST_HOST = "$(BUILT_PRODUCTS_DIR)/rollen.app/rollen";
			};
			name = Release;
		};
/* End XCBuildConfiguration section */

/* Begin XCConfigurationList section */
		03E8E9D81A15E71B00D0EFA4 /* Build configuration list for PBXProject "rollen" */ = {
			isa = XCConfigurationList;
			buildConfigurations = (
				03E8E9F71A15E71C00D0EFA4 /* Debug */,
				03E8E9F81A15E71C00D0EFA4 /* Release */,
			);
			defaultConfigurationIsVisible = 0;
			defaultConfigurationName = Release;
		};
		03E8E9F91A15E71C00D0EFA4 /* Build configuration list for PBXNativeTarget "rollen" */ = {
			isa = XCConfigurationList;
			buildConfigurations = (
				03E8E9FA1A15E71C00D0EFA4 /* Debug */,
				03E8E9FB1A15E71C00D0EFA4 /* Release */,
			);
			defaultConfigurationIsVisible = 0;
		};
		03E8E9FC1A15E71C00D0EFA4 /* Build configuration list for PBXNativeTarget "rollenTests" */ = {
			isa = XCConfigurationList;
			buildConfigurations = (
				03E8E9FD1A15E71C00D0EFA4 /* Debug */,
				03E8E9FE1A15E71C00D0EFA4 /* Release */,
			);
			defaultConfigurationIsVisible = 0;
		};
/* End XCConfigurationList section */
	};
	rootObject = 03E8E9D51A15E71B00D0EFA4 /* Project object */;
}
